
Microsoft Visual Studio Solution File, Format Version 12.00
# Visual Studio Version 16
VisualStudioVersion = 16.0.30225.117
MinimumVisualStudioVersion = 10.0.40219.1
Project("{FAE04EC0-301F-11D3-BF4B-00C04F79EFBC}") = "Better Timed Gates", "Better Timed Gates\Better Timed Gates.csproj", "{ABB6FFFF-EB7C-4A5C-9BF8-D82261CBD7BB}"
EndProject
Global
	GlobalSection(SolutionConfigurationPlatforms) = preSolution
		Debug|Any CPU = Debug|Any CPU
		Release|Any CPU = Release|Any CPU
	EndGlobalSection
	GlobalSection(ProjectConfigurationPlatforms) = postSolution
		{ABB6FFFF-EB7C-4A5C-9BF8-D82261CBD7BB}.Debug|Any CPU.ActiveCfg = Debug|Any CPU
		{ABB6FFFF-EB7C-4A5C-9BF8-D82261CBD7BB}.Debug|Any CPU.Build.0 = Debug|Any CPU
		{ABB6FFFF-EB7C-4A5C-9BF8-D82261CBD7BB}.Release|Any CPU.ActiveCfg = Release|Any CPU
		{ABB6FFFF-EB7C-4A5C-9BF8-D82261CBD7BB}.Release|Any CPU.Build.0 = Release|Any CPU
	EndGlobalSection
	GlobalSection(SolutionProperties) = preSolution
		HideSolutionNode = FALSE
	EndGlobalSection
	GlobalSection(ExtensibilityGlobals) = postSolution
		SolutionGuid = {4B863C66-7F84-4E08-9347-73DB9537101C}
	EndGlobalSection
EndGlobal
